
Microsoft Visual Studio Solution File, Format Version 12.00
# Visual Studio Version 16
VisualStudioVersion = 16.0.31402.337
MinimumVisualStudioVersion = 10.0.40219.1
Project("{9A19103F-16F7-4668-BE54-9A1E7A4F7556}") = "KitProjects.Cookbook.UI", "KitProjects.Cookbook.UI\KitProjects.Cookbook.UI.csproj", "{67C4D578-F742-4DB3-8559-AEB712C9904E}"
EndProject
Project("{9A19103F-16F7-4668-BE54-9A1E7A4F7556}") = "KitProjects.Cookbook.Domain", "KitProjects.Cookbook.Domain\KitProjects.Cookbook.Domain.csproj", "{51447BE0-4296-4E62-BB00-E1852AFEF0D6}"
EndProject
Project("{9A19103F-16F7-4668-BE54-9A1E7A4F7556}") = "KitProjects.Cookbook.Database", "KitProjects.Cookbook.Database\KitProjects.Cookbook.Database.csproj", "{4866AE63-B660-4A1D-8504-22BF23E0F0B1}"
EndProject
Project("{FAE04EC0-301F-11D3-BF4B-00C04F79EFBC}") = "KitProjects.Cookbook.Tests", "KitProjects.Cookbook.Tests\KitProjects.Cookbook.Tests.csproj", "{44FBB2FD-01E6-4F46-8090-CD6E2FDF420D}"
EndProject
Global
	GlobalSection(SolutionConfigurationPlatforms) = preSolution
		Debug|Any CPU = Debug|Any CPU
		Release|Any CPU = Release|Any CPU
	EndGlobalSection
	GlobalSection(ProjectConfigurationPlatforms) = postSolution
		{67C4D578-F742-4DB3-8559-AEB712C9904E}.Debug|Any CPU.ActiveCfg = Debug|Any CPU
		{67C4D578-F742-4DB3-8559-AEB712C9904E}.Debug|Any CPU.Build.0 = Debug|Any CPU
		{67C4D578-F742-4DB3-8559-AEB712C9904E}.Release|Any CPU.ActiveCfg = Release|Any CPU
		{67C4D578-F742-4DB3-8559-AEB712C9904E}.Release|Any CPU.Build.0 = Release|Any CPU
		{51447BE0-4296-4E62-BB00-E1852AFEF0D6}.Debug|Any CPU.ActiveCfg = Debug|Any CPU
		{51447BE0-4296-4E62-BB00-E1852AFEF0D6}.Debug|Any CPU.Build.0 = Debug|Any CPU
		{51447BE0-4296-4E62-BB00-E1852AFEF0D6}.Release|Any CPU.ActiveCfg = Release|Any CPU
		{51447BE0-4296-4E62-BB00-E1852AFEF0D6}.Release|Any CPU.Build.0 = Release|Any CPU
		{4866AE63-B660-4A1D-8504-22BF23E0F0B1}.Debug|Any CPU.ActiveCfg = Debug|Any CPU
		{4866AE63-B660-4A1D-8504-22BF23E0F0B1}.Debug|Any CPU.Build.0 = Debug|Any CPU
		{4866AE63-B660-4A1D-8504-22BF23E0F0B1}.Release|Any CPU.ActiveCfg = Release|Any CPU
		{4866AE63-B660-4A1D-8504-22BF23E0F0B1}.Release|Any CPU.Build.0 = Release|Any CPU
		{44FBB2FD-01E6-4F46-8090-CD6E2FDF420D}.Debug|Any CPU.ActiveCfg = Debug|Any CPU
		{44FBB2FD-01E6-4F46-8090-CD6E2FDF420D}.Debug|Any CPU.Build.0 = Debug|Any CPU
		{44FBB2FD-01E6-4F46-8090-CD6E2FDF420D}.Release|Any CPU.ActiveCfg = Release|Any CPU
		{44FBB2FD-01E6-4F46-8090-CD6E2FDF420D}.Release|Any CPU.Build.0 = Release|Any CPU
	EndGlobalSection
	GlobalSection(SolutionProperties) = preSolution
		HideSolutionNode = FALSE
	EndGlobalSection
	GlobalSection(ExtensibilityGlobals) = postSolution
		SolutionGuid = {12930792-10C6-4089-8B24-7E41BBFBFE5E}
	EndGlobalSection
EndGlobal
