
Microsoft Visual Studio Solution File, Format Version 12.00
# Visual Studio Version 17
VisualStudioVersion = 17.0.32112.339
MinimumVisualStudioVersion = 10.0.40219.1
Project("{9A19103F-16F7-4668-BE54-9A1E7A4F7556}") = "KP.Cookbook.Domain", "src\KP.Cookbook.Domain\KP.Cookbook.Domain.csproj", "{90D0283E-2833-442F-9042-FCB99BEAB599}"
EndProject
Project("{2150E333-8FDC-42A3-9474-1A3956D46DE8}") = "src", "src", "{60119B8A-7DBC-4993-A29E-39134FD8D1DD}"
EndProject
Project("{9A19103F-16F7-4668-BE54-9A1E7A4F7556}") = "KP.Cookbook.Database", "src\KP.Cookbook.Database\KP.Cookbook.Database.csproj", "{A07E269E-0F49-457D-9A91-5DD1BD521848}"
EndProject
Project("{9A19103F-16F7-4668-BE54-9A1E7A4F7556}") = "KP.Cookbook.Database.Migrations", "src\KP.Cookbook.Migrations\KP.Cookbook.Database.Migrations.csproj", "{FC1353E2-CFD5-4A8A-8A99-B907622CE3E0}"
EndProject
Project("{9A19103F-16F7-4668-BE54-9A1E7A4F7556}") = "KP.Cookbook.RestApi", "src\KP.Cookbook.RestApi\KP.Cookbook.RestApi.csproj", "{7FA46BCB-1409-499C-BA40-CC8FCE8A0129}"
EndProject
Project("{FAE04EC0-301F-11D3-BF4B-00C04F79EFBC}") = "KP.Cookbook.Services", "src\KP.Cookbook.Services\KP.Cookbook.Services.csproj", "{82DFA0B0-D38F-4169-9426-4460E1C7AE4A}"
EndProject
Project("{FAE04EC0-301F-11D3-BF4B-00C04F79EFBC}") = "KP.Cookbook.Features", "src\KP.Cookbook.Features\KP.Cookbook.Features.csproj", "{3D974D77-CEA5-4C6D-A923-0F5602E6E71B}"
EndProject
Global
	GlobalSection(SolutionConfigurationPlatforms) = preSolution
		Debug|Any CPU = Debug|Any CPU
		Release|Any CPU = Release|Any CPU
	EndGlobalSection
	GlobalSection(ProjectConfigurationPlatforms) = postSolution
		{90D0283E-2833-442F-9042-FCB99BEAB599}.Debug|Any CPU.ActiveCfg = Debug|Any CPU
		{90D0283E-2833-442F-9042-FCB99BEAB599}.Debug|Any CPU.Build.0 = Debug|Any CPU
		{90D0283E-2833-442F-9042-FCB99BEAB599}.Release|Any CPU.ActiveCfg = Release|Any CPU
		{90D0283E-2833-442F-9042-FCB99BEAB599}.Release|Any CPU.Build.0 = Release|Any CPU
		{A07E269E-0F49-457D-9A91-5DD1BD521848}.Debug|Any CPU.ActiveCfg = Debug|Any CPU
		{A07E269E-0F49-457D-9A91-5DD1BD521848}.Debug|Any CPU.Build.0 = Debug|Any CPU
		{A07E269E-0F49-457D-9A91-5DD1BD521848}.Release|Any CPU.ActiveCfg = Release|Any CPU
		{A07E269E-0F49-457D-9A91-5DD1BD521848}.Release|Any CPU.Build.0 = Release|Any CPU
		{FC1353E2-CFD5-4A8A-8A99-B907622CE3E0}.Debug|Any CPU.ActiveCfg = Debug|Any CPU
		{FC1353E2-CFD5-4A8A-8A99-B907622CE3E0}.Debug|Any CPU.Build.0 = Debug|Any CPU
		{FC1353E2-CFD5-4A8A-8A99-B907622CE3E0}.Release|Any CPU.ActiveCfg = Release|Any CPU
		{FC1353E2-CFD5-4A8A-8A99-B907622CE3E0}.Release|Any CPU.Build.0 = Release|Any CPU
		{7FA46BCB-1409-499C-BA40-CC8FCE8A0129}.Debug|Any CPU.ActiveCfg = Debug|Any CPU
		{7FA46BCB-1409-499C-BA40-CC8FCE8A0129}.Debug|Any CPU.Build.0 = Debug|Any CPU
		{7FA46BCB-1409-499C-BA40-CC8FCE8A0129}.Release|Any CPU.ActiveCfg = Release|Any CPU
		{7FA46BCB-1409-499C-BA40-CC8FCE8A0129}.Release|Any CPU.Build.0 = Release|Any CPU
		{82DFA0B0-D38F-4169-9426-4460E1C7AE4A}.Debug|Any CPU.ActiveCfg = Debug|Any CPU
		{82DFA0B0-D38F-4169-9426-4460E1C7AE4A}.Debug|Any CPU.Build.0 = Debug|Any CPU
		{82DFA0B0-D38F-4169-9426-4460E1C7AE4A}.Release|Any CPU.ActiveCfg = Release|Any CPU
		{82DFA0B0-D38F-4169-9426-4460E1C7AE4A}.Release|Any CPU.Build.0 = Release|Any CPU
		{3D974D77-CEA5-4C6D-A923-0F5602E6E71B}.Debug|Any CPU.ActiveCfg = Debug|Any CPU
		{3D974D77-CEA5-4C6D-A923-0F5602E6E71B}.Debug|Any CPU.Build.0 = Debug|Any CPU
		{3D974D77-CEA5-4C6D-A923-0F5602E6E71B}.Release|Any CPU.ActiveCfg = Release|Any CPU
		{3D974D77-CEA5-4C6D-A923-0F5602E6E71B}.Release|Any CPU.Build.0 = Release|Any CPU
	EndGlobalSection
	GlobalSection(SolutionProperties) = preSolution
		HideSolutionNode = FALSE
	EndGlobalSection
	GlobalSection(NestedProjects) = preSolution
		{90D0283E-2833-442F-9042-FCB99BEAB599} = {60119B8A-7DBC-4993-A29E-39134FD8D1DD}
		{A07E269E-0F49-457D-9A91-5DD1BD521848} = {60119B8A-7DBC-4993-A29E-39134FD8D1DD}
		{FC1353E2-CFD5-4A8A-8A99-B907622CE3E0} = {60119B8A-7DBC-4993-A29E-39134FD8D1DD}
		{7FA46BCB-1409-499C-BA40-CC8FCE8A0129} = {60119B8A-7DBC-4993-A29E-39134FD8D1DD}
		{82DFA0B0-D38F-4169-9426-4460E1C7AE4A} = {60119B8A-7DBC-4993-A29E-39134FD8D1DD}
		{3D974D77-CEA5-4C6D-A923-0F5602E6E71B} = {60119B8A-7DBC-4993-A29E-39134FD8D1DD}
	EndGlobalSection
	GlobalSection(ExtensibilityGlobals) = postSolution
		SolutionGuid = {12930792-10C6-4089-8B24-7E41BBFBFE5E}
	EndGlobalSection
EndGlobal
