
Microsoft Visual Studio Solution File, Format Version 12.00
# Visual Studio Version 17
VisualStudioVersion = 17.0.32112.339
MinimumVisualStudioVersion = 10.0.40219.1
Project("{FAE04EC0-301F-11D3-BF4B-00C04F79EFBC}") = "KP.Cookbook.Domain", "src\KP.Cookbook.Domain\KP.Cookbook.Domain.csproj", "{90D0283E-2833-442F-9042-FCB99BEAB599}"
EndProject
Project("{2150E333-8FDC-42A3-9474-1A3956D46DE8}") = "src", "src", "{60119B8A-7DBC-4993-A29E-39134FD8D1DD}"
EndProject
Global
	GlobalSection(SolutionConfigurationPlatforms) = preSolution
		Debug|Any CPU = Debug|Any CPU
		Release|Any CPU = Release|Any CPU
	EndGlobalSection
	GlobalSection(ProjectConfigurationPlatforms) = postSolution
		{90D0283E-2833-442F-9042-FCB99BEAB599}.Debug|Any CPU.ActiveCfg = Debug|Any CPU
		{90D0283E-2833-442F-9042-FCB99BEAB599}.Debug|Any CPU.Build.0 = Debug|Any CPU
		{90D0283E-2833-442F-9042-FCB99BEAB599}.Release|Any CPU.ActiveCfg = Release|Any CPU
		{90D0283E-2833-442F-9042-FCB99BEAB599}.Release|Any CPU.Build.0 = Release|Any CPU
	EndGlobalSection
	GlobalSection(SolutionProperties) = preSolution
		HideSolutionNode = FALSE
	EndGlobalSection
	GlobalSection(NestedProjects) = preSolution
		{90D0283E-2833-442F-9042-FCB99BEAB599} = {60119B8A-7DBC-4993-A29E-39134FD8D1DD}
	EndGlobalSection
	GlobalSection(ExtensibilityGlobals) = postSolution
		SolutionGuid = {12930792-10C6-4089-8B24-7E41BBFBFE5E}
	EndGlobalSection
EndGlobal
