
Microsoft Visual Studio Solution File, Format Version 12.00
# Visual Studio Version 16
VisualStudioVersion = 16.0.31005.135
MinimumVisualStudioVersion = 10.0.40219.1
Project("{9A19103F-16F7-4668-BE54-9A1E7A4F7556}") = "Tests", "Tests\Tests.csproj", "{A5CFD054-4755-4753-B7FB-F0BECA7A9C5F}"
EndProject
Project("{9A19103F-16F7-4668-BE54-9A1E7A4F7556}") = "WebApplication", "WebApplication\WebApplication.csproj", "{B63B4101-32F7-4140-A7A3-778050191016}"
EndProject
Project("{9A19103F-16F7-4668-BE54-9A1E7A4F7556}") = "Kernel", "Kernel\Kernel.csproj", "{22426084-5EB2-4358-B252-9085F95E7660}"
EndProject
Project("{9A19103F-16F7-4668-BE54-9A1E7A4F7556}") = "Dal", "Dal\Dal.csproj", "{4DC5B9F3-257A-4FB1-93AA-33573EC1739A}"
EndProject
Project("{FAE04EC0-301F-11D3-BF4B-00C04F79EFBC}") = "DatabaseTestsConnector", "DatabaseTestsConnector\DatabaseTestsConnector.csproj", "{A0E03AAC-AC0A-4D84-B60B-FD48017F231C}"
EndProject
Global
	GlobalSection(SolutionConfigurationPlatforms) = preSolution
		Debug|Any CPU = Debug|Any CPU
		Release|Any CPU = Release|Any CPU
	EndGlobalSection
	GlobalSection(ProjectConfigurationPlatforms) = postSolution
		{A5CFD054-4755-4753-B7FB-F0BECA7A9C5F}.Debug|Any CPU.ActiveCfg = Debug|Any CPU
		{A5CFD054-4755-4753-B7FB-F0BECA7A9C5F}.Debug|Any CPU.Build.0 = Debug|Any CPU
		{A5CFD054-4755-4753-B7FB-F0BECA7A9C5F}.Release|Any CPU.ActiveCfg = Release|Any CPU
		{A5CFD054-4755-4753-B7FB-F0BECA7A9C5F}.Release|Any CPU.Build.0 = Release|Any CPU
		{B63B4101-32F7-4140-A7A3-778050191016}.Debug|Any CPU.ActiveCfg = Debug|Any CPU
		{B63B4101-32F7-4140-A7A3-778050191016}.Debug|Any CPU.Build.0 = Debug|Any CPU
		{B63B4101-32F7-4140-A7A3-778050191016}.Release|Any CPU.ActiveCfg = Release|Any CPU
		{B63B4101-32F7-4140-A7A3-778050191016}.Release|Any CPU.Build.0 = Release|Any CPU
		{22426084-5EB2-4358-B252-9085F95E7660}.Debug|Any CPU.ActiveCfg = Debug|Any CPU
		{22426084-5EB2-4358-B252-9085F95E7660}.Debug|Any CPU.Build.0 = Debug|Any CPU
		{22426084-5EB2-4358-B252-9085F95E7660}.Release|Any CPU.ActiveCfg = Release|Any CPU
		{22426084-5EB2-4358-B252-9085F95E7660}.Release|Any CPU.Build.0 = Release|Any CPU
		{4DC5B9F3-257A-4FB1-93AA-33573EC1739A}.Debug|Any CPU.ActiveCfg = Debug|Any CPU
		{4DC5B9F3-257A-4FB1-93AA-33573EC1739A}.Debug|Any CPU.Build.0 = Debug|Any CPU
		{4DC5B9F3-257A-4FB1-93AA-33573EC1739A}.Release|Any CPU.ActiveCfg = Release|Any CPU
		{4DC5B9F3-257A-4FB1-93AA-33573EC1739A}.Release|Any CPU.Build.0 = Release|Any CPU
		{A0E03AAC-AC0A-4D84-B60B-FD48017F231C}.Debug|Any CPU.ActiveCfg = Debug|Any CPU
		{A0E03AAC-AC0A-4D84-B60B-FD48017F231C}.Debug|Any CPU.Build.0 = Debug|Any CPU
		{A0E03AAC-AC0A-4D84-B60B-FD48017F231C}.Release|Any CPU.ActiveCfg = Release|Any CPU
		{A0E03AAC-AC0A-4D84-B60B-FD48017F231C}.Release|Any CPU.Build.0 = Release|Any CPU
	EndGlobalSection
	GlobalSection(SolutionProperties) = preSolution
		HideSolutionNode = FALSE
	EndGlobalSection
	GlobalSection(ExtensibilityGlobals) = postSolution
		SolutionGuid = {780B5452-5891-4756-BC04-25ABD099B9C8}
	EndGlobalSection
EndGlobal
