
Microsoft Visual Studio Solution File, Format Version 12.00
# Visual Studio Version 16
VisualStudioVersion = 16.0.31005.135
MinimumVisualStudioVersion = 10.0.40219.1
Project("{9A19103F-16F7-4668-BE54-9A1E7A4F7556}") = "Tests", "Tests\Tests.csproj", "{A5CFD054-4755-4753-B7FB-F0BECA7A9C5F}"
EndProject
Project("{9A19103F-16F7-4668-BE54-9A1E7A4F7556}") = "Api", "WebApplication\Api.csproj", "{B63B4101-32F7-4140-A7A3-778050191016}"
EndProject
Project("{9A19103F-16F7-4668-BE54-9A1E7A4F7556}") = "Kernel", "Kernel\Kernel.csproj", "{22426084-5EB2-4358-B252-9085F95E7660}"
EndProject
Project("{9A19103F-16F7-4668-BE54-9A1E7A4F7556}") = "Dal", "Dal\Dal.csproj", "{4DC5B9F3-257A-4FB1-93AA-33573EC1739A}"
EndProject
Project("{9A19103F-16F7-4668-BE54-9A1E7A4F7556}") = "KitProjects.Fixtures", "KitProjects.Fixtures\KitProjects.Fixtures.csproj", "{7F12BE1D-19A9-43B0-A356-4286F7A8AFF3}"
EndProject
Project("{9A19103F-16F7-4668-BE54-9A1E7A4F7556}") = "StaticSite", "StaticSite\StaticSite.csproj", "{BB9DEA80-C1DC-446E-AA80-4E64A745CC97}"
EndProject
Project("{2150E333-8FDC-42A3-9474-1A3956D46DE8}") = "TestsRelatedProjects", "TestsRelatedProjects", "{E3606464-B98D-412F-A05E-EE2D15868292}"
EndProject
Project("{2150E333-8FDC-42A3-9474-1A3956D46DE8}") = "MasterChefApi", "MasterChefApi", "{61F49960-46A2-4CCD-86A9-0F1CECF01600}"
EndProject
Project("{2150E333-8FDC-42A3-9474-1A3956D46DE8}") = "UI", "UI", "{61C0F427-66D6-4903-B94F-B454C7F1929B}"
EndProject
Project("{FAE04EC0-301F-11D3-BF4B-00C04F79EFBC}") = "KitProjects.Api.AspNetCore", "KitProjects.Api\KitProjects.Api.AspNetCore.csproj", "{4DCC75DC-1A2A-47E9-91A1-906FEE46818B}"
EndProject
Global
	GlobalSection(SolutionConfigurationPlatforms) = preSolution
		Debug|Any CPU = Debug|Any CPU
		Release|Any CPU = Release|Any CPU
	EndGlobalSection
	GlobalSection(ProjectConfigurationPlatforms) = postSolution
		{A5CFD054-4755-4753-B7FB-F0BECA7A9C5F}.Debug|Any CPU.ActiveCfg = Debug|Any CPU
		{A5CFD054-4755-4753-B7FB-F0BECA7A9C5F}.Debug|Any CPU.Build.0 = Debug|Any CPU
		{A5CFD054-4755-4753-B7FB-F0BECA7A9C5F}.Release|Any CPU.ActiveCfg = Release|Any CPU
		{A5CFD054-4755-4753-B7FB-F0BECA7A9C5F}.Release|Any CPU.Build.0 = Release|Any CPU
		{B63B4101-32F7-4140-A7A3-778050191016}.Debug|Any CPU.ActiveCfg = Debug|Any CPU
		{B63B4101-32F7-4140-A7A3-778050191016}.Debug|Any CPU.Build.0 = Debug|Any CPU
		{B63B4101-32F7-4140-A7A3-778050191016}.Release|Any CPU.ActiveCfg = Release|Any CPU
		{B63B4101-32F7-4140-A7A3-778050191016}.Release|Any CPU.Build.0 = Release|Any CPU
		{22426084-5EB2-4358-B252-9085F95E7660}.Debug|Any CPU.ActiveCfg = Debug|Any CPU
		{22426084-5EB2-4358-B252-9085F95E7660}.Debug|Any CPU.Build.0 = Debug|Any CPU
		{22426084-5EB2-4358-B252-9085F95E7660}.Release|Any CPU.ActiveCfg = Release|Any CPU
		{22426084-5EB2-4358-B252-9085F95E7660}.Release|Any CPU.Build.0 = Release|Any CPU
		{4DC5B9F3-257A-4FB1-93AA-33573EC1739A}.Debug|Any CPU.ActiveCfg = Debug|Any CPU
		{4DC5B9F3-257A-4FB1-93AA-33573EC1739A}.Debug|Any CPU.Build.0 = Debug|Any CPU
		{4DC5B9F3-257A-4FB1-93AA-33573EC1739A}.Release|Any CPU.ActiveCfg = Release|Any CPU
		{4DC5B9F3-257A-4FB1-93AA-33573EC1739A}.Release|Any CPU.Build.0 = Release|Any CPU
		{7F12BE1D-19A9-43B0-A356-4286F7A8AFF3}.Debug|Any CPU.ActiveCfg = Debug|Any CPU
		{7F12BE1D-19A9-43B0-A356-4286F7A8AFF3}.Debug|Any CPU.Build.0 = Debug|Any CPU
		{7F12BE1D-19A9-43B0-A356-4286F7A8AFF3}.Release|Any CPU.ActiveCfg = Release|Any CPU
		{7F12BE1D-19A9-43B0-A356-4286F7A8AFF3}.Release|Any CPU.Build.0 = Release|Any CPU
		{BB9DEA80-C1DC-446E-AA80-4E64A745CC97}.Debug|Any CPU.ActiveCfg = Debug|Any CPU
		{BB9DEA80-C1DC-446E-AA80-4E64A745CC97}.Debug|Any CPU.Build.0 = Debug|Any CPU
		{BB9DEA80-C1DC-446E-AA80-4E64A745CC97}.Release|Any CPU.ActiveCfg = Release|Any CPU
		{BB9DEA80-C1DC-446E-AA80-4E64A745CC97}.Release|Any CPU.Build.0 = Release|Any CPU
		{4DCC75DC-1A2A-47E9-91A1-906FEE46818B}.Debug|Any CPU.ActiveCfg = Debug|Any CPU
		{4DCC75DC-1A2A-47E9-91A1-906FEE46818B}.Debug|Any CPU.Build.0 = Debug|Any CPU
		{4DCC75DC-1A2A-47E9-91A1-906FEE46818B}.Release|Any CPU.ActiveCfg = Release|Any CPU
		{4DCC75DC-1A2A-47E9-91A1-906FEE46818B}.Release|Any CPU.Build.0 = Release|Any CPU
	EndGlobalSection
	GlobalSection(SolutionProperties) = preSolution
		HideSolutionNode = FALSE
	EndGlobalSection
	GlobalSection(NestedProjects) = preSolution
		{A5CFD054-4755-4753-B7FB-F0BECA7A9C5F} = {E3606464-B98D-412F-A05E-EE2D15868292}
		{B63B4101-32F7-4140-A7A3-778050191016} = {61F49960-46A2-4CCD-86A9-0F1CECF01600}
		{22426084-5EB2-4358-B252-9085F95E7660} = {61F49960-46A2-4CCD-86A9-0F1CECF01600}
		{4DC5B9F3-257A-4FB1-93AA-33573EC1739A} = {61F49960-46A2-4CCD-86A9-0F1CECF01600}
		{7F12BE1D-19A9-43B0-A356-4286F7A8AFF3} = {E3606464-B98D-412F-A05E-EE2D15868292}
		{BB9DEA80-C1DC-446E-AA80-4E64A745CC97} = {61C0F427-66D6-4903-B94F-B454C7F1929B}
	EndGlobalSection
	GlobalSection(ExtensibilityGlobals) = postSolution
		SolutionGuid = {780B5452-5891-4756-BC04-25ABD099B9C8}
	EndGlobalSection
EndGlobal
